%{
  "dialyxir": {:hex, :dialyxir, "1.4.6", "7cca478334bf8307e968664343cbdb432ee95b4b68a9cba95bdabb0ad5bdfd9a", [:mix], [{:erlex, ">= 0.2.7", [hex: :erlex, repo: "hexpm", optional: false]}], "hexpm", "8cf5615c5cd4c2da6c501faae642839c8405b49f8aa057ad4ae401cb808ef64d"},
  "dynamic_supervisor_proxy": {:hex, :dynamic_supervisor_proxy, "0.1.57", "fa76e7fd6d528a3b5e6d1107ccd7acd9267b076f056a4eceb5da7a78de93dabf", [:mix], [{:file_only_logger, "~> 0.2", [hex: :file_only_logger, repo: "hexpm", optional: false]}, {:persist_config, "~> 0.4", [hex: :persist_config, repo: "hexpm", optional: false]}], "hexpm", "8415c595ad592cc49555a1f86bbb8b463690aa0ddf652a81bd1c84a9b08f0b5d"},
  "earmark_parser": {:hex, :earmark_parser, "1.4.44", "f20830dd6b5c77afe2b063777ddbbff09f9759396500cdbe7523efd58d7a339c", [:mix], [], "hexpm", "4778ac752b4701a5599215f7030989c989ffdc4f6df457c5f36938cc2d2a2750"},
  "erlex": {:hex, :erlex, "0.2.7", "810e8725f96ab74d17aac676e748627a07bc87eb950d2b83acd29dc047a30595", [:mix], [], "hexpm", "3ed95f79d1a844c3f6bf0cea61e0d5612a42ce56da9c03f01df538685365efb0"},
  "ex_doc": {:hex, :ex_doc, "0.38.3", "ddafe36b8e9fe101c093620879f6604f6254861a95133022101c08e75e6c759a", [:mix], [{:earmark_parser, "~> 1.4.44", [hex: :earmark_parser, repo: "hexpm", optional: false]}, {:makeup_c, ">= 0.1.0", [hex: :makeup_c, repo: "hexpm", optional: true]}, {:makeup_elixir, "~> 0.14 or ~> 1.0", [hex: :makeup_elixir, repo: "hexpm", optional: false]}, {:makeup_erlang, "~> 0.1 or ~> 1.0", [hex: :makeup_erlang, repo: "hexpm", optional: false]}, {:makeup_html, ">= 0.1.0", [hex: :makeup_html, repo: "hexpm", optional: true]}], "hexpm", "ecaa785456a67f63b4e7d7f200e8832fa108279e7eb73fd9928e7e66215a01f9"},
  "file_only_logger": {:hex, :file_only_logger, "0.2.44", "d8188ac900ddb5190388d93ec326b6d92611ee60a5cc1cb034e0417fd916f262", [:mix], [{:persist_config, "~> 0.4", [hex: :persist_config, repo: "hexpm", optional: false]}], "hexpm", "771449e35868261f79f0b39a1cef0242a44760c13c7ce09a4920027dda8303a4"},
  "gen_server_proxy": {:hex, :gen_server_proxy, "0.1.58", "757502e145be436a8cbe9268c500b18c25d5fc386b5603ddd742598511fff2e4", [:mix], [{:file_only_logger, "~> 0.2", [hex: :file_only_logger, repo: "hexpm", optional: false]}, {:persist_config, "~> 0.4", [hex: :persist_config, repo: "hexpm", optional: false]}], "hexpm", "9180e4241712cf8c3ff12164754790570a89834b8ae19f0a5101f87905142059"},
  "io_ansi_plus": {:hex, :io_ansi_plus, "0.1.73", "8df0b8acbc9560667ef2dd31cad988cce3d63ea846de02ed108bd60bc0058e06", [:mix], [{:persist_config, "~> 0.4", [hex: :persist_config, repo: "hexpm", optional: false]}], "hexpm", "95b076809e815bbb5e9d959286758bb22be432fc473dd855c0b58b42811ff237"},
  "io_ansi_table": {:hex, :io_ansi_table, "1.0.40", "8f182f095c7942e6040f16c77cc8e6698a71e4a13188d321596c4c10fca17566", [:mix], [{:file_only_logger, "~> 0.2", [hex: :file_only_logger, repo: "hexpm", optional: false]}, {:io_ansi_plus, "~> 0.1", [hex: :io_ansi_plus, repo: "hexpm", optional: false]}, {:log_reset, "~> 0.1", [hex: :log_reset, repo: "hexpm", optional: false]}, {:map_sorter, "~> 0.2", [hex: :map_sorter, repo: "hexpm", optional: false]}, {:persist_config, "~> 0.4", [hex: :persist_config, repo: "hexpm", optional: false]}], "hexpm", "94024ace8da68fd5d73c0076c5cb90459dcd91127106c78caff9b98f3c1e5bd0"},
  "islands_board": {:hex, :islands_board, "0.1.35", "bc89e8b8d6c53c3ca4a67d76e2d4ef16389f4ddff09f52dab88bb2579faefca7", [:mix], [{:islands_coord, "~> 0.1", [hex: :islands_coord, repo: "hexpm", optional: false]}, {:islands_island, "~> 0.1", [hex: :islands_island, repo: "hexpm", optional: false]}], "hexpm", "1cf2dd7302de19d7808444db41a402ec8deda0648124058cf0a54a1bdbef7ab6"},
  "islands_board_cache": {:hex, :islands_board_cache, "0.1.39", "d4988fbfe4b5bf2f10b680d823b38e004dd0a8a39dbcc5c921e70b3b42fd33f2", [:mix], [{:file_only_logger, "~> 0.2", [hex: :file_only_logger, repo: "hexpm", optional: false]}, {:islands_board, "~> 0.1", [hex: :islands_board, repo: "hexpm", optional: false]}, {:islands_coord, "~> 0.1", [hex: :islands_coord, repo: "hexpm", optional: false]}, {:islands_island, "~> 0.1", [hex: :islands_island, repo: "hexpm", optional: false]}, {:log_reset, "~> 0.1", [hex: :log_reset, repo: "hexpm", optional: false]}, {:persist_config, "~> 0.4", [hex: :persist_config, repo: "hexpm", optional: false]}], "hexpm", "ec650e98e39267c8efdb3a21bc930cc5d17703ed60c3b3a3a361771b0836c42b"},
  "islands_client_island_type": {:hex, :islands_client_island_type, "0.1.25", "f0da79e51b0bfbc6fda3c90e7e344d3cb3df6bece60b2a46979ba58a122e0b04", [:mix], [{:islands_island, "~> 0.1", [hex: :islands_island, repo: "hexpm", optional: false]}], "hexpm", "ca1ccebf6c13e66ed02b807e30fe797d7953c22916c76a31d8f8b54f89fecb6d"},
  "islands_client_state": {:hex, :islands_client_state, "0.1.28", "91fd1c9fa696f06919feb682c11f2d805b86ac1e2f15cf028278d45e65389676", [:mix], [{:islands_engine, "~> 0.2", [hex: :islands_engine, repo: "hexpm", optional: false]}, {:islands_player, "~> 0.1", [hex: :islands_player, repo: "hexpm", optional: false]}, {:islands_player_id, "~> 0.1", [hex: :islands_player_id, repo: "hexpm", optional: false]}, {:islands_tally, "~> 0.1", [hex: :islands_tally, repo: "hexpm", optional: false]}], "hexpm", "29176f39ae9e23a2b266a07e7a0fd546e5155dcb4aa617460d7ea3147cd50cfd"},
  "islands_coord": {:hex, :islands_coord, "0.1.35", "bb8c24951923a74005dd33936741dad5f30f10276b4d0156f02b522846943f0f", [:mix], [], "hexpm", "77920505b878bd0c12c3ed5ca0064fdface4899d206edbe603a22b430b876f0a"},
  "islands_engine": {:hex, :islands_engine, "0.2.65", "81f302436d353975ed2474c31639df3750b9f6ba27a2591317570f7468f47821", [:mix], [{:dynamic_supervisor_proxy, "~> 0.1", [hex: :dynamic_supervisor_proxy, repo: "hexpm", optional: false]}, {:file_only_logger, "~> 0.2", [hex: :file_only_logger, repo: "hexpm", optional: false]}, {:gen_server_proxy, "~> 0.1", [hex: :gen_server_proxy, repo: "hexpm", optional: false]}, {:io_ansi_plus, "~> 0.1", [hex: :io_ansi_plus, repo: "hexpm", optional: false]}, {:islands_board, "~> 0.1", [hex: :islands_board, repo: "hexpm", optional: false]}, {:islands_board_cache, "~> 0.1", [hex: :islands_board_cache, repo: "hexpm", optional: false]}, {:islands_coord, "~> 0.1.15", [hex: :islands_coord, repo: "hexpm", optional: false]}, {:islands_game, "~> 0.1", [hex: :islands_game, repo: "hexpm", optional: false]}, {:islands_grid, "~> 0.1", [hex: :islands_grid, repo: "hexpm", optional: false]}, {:islands_guesses, "~> 0.1", [hex: :islands_guesses, repo: "hexpm", optional: false]}, {:islands_island, "~> 0.1", [hex: :islands_island, repo: "hexpm", optional: false]}, {:islands_player, "~> 0.1", [hex: :islands_player, repo: "hexpm", optional: false]}, {:islands_player_id, "~> 0.1", [hex: :islands_player_id, repo: "hexpm", optional: false]}, {:islands_request, "~> 0.1", [hex: :islands_request, repo: "hexpm", optional: false]}, {:islands_response, "~> 0.1", [hex: :islands_response, repo: "hexpm", optional: false]}, {:islands_score, "~> 0.1", [hex: :islands_score, repo: "hexpm", optional: false]}, {:islands_state, "~> 0.1", [hex: :islands_state, repo: "hexpm", optional: false]}, {:islands_tally, "~> 0.1", [hex: :islands_tally, repo: "hexpm", optional: false]}, {:log_reset, "~> 0.1", [hex: :log_reset, repo: "hexpm", optional: false]}, {:persist_config, "~> 0.4", [hex: :persist_config, repo: "hexpm", optional: false]}], "hexpm", "3f326d73065dd487f4ab7c1ebb58882afd351fbf130cae6a8874e2cdcf57a479"},
  "islands_game": {:hex, :islands_game, "0.1.49", "9b11dcc8ce8b35ef17e43d893ef617c2be8b3d0cb715df7038ddef920f9fdcdb", [:mix], [{:islands_board, "~> 0.1", [hex: :islands_board, repo: "hexpm", optional: false]}, {:islands_coord, "~> 0.1", [hex: :islands_coord, repo: "hexpm", optional: false]}, {:islands_guesses, "~> 0.1", [hex: :islands_guesses, repo: "hexpm", optional: false]}, {:islands_player, "~> 0.1", [hex: :islands_player, repo: "hexpm", optional: false]}, {:islands_player_id, "~> 0.1", [hex: :islands_player_id, repo: "hexpm", optional: false]}, {:islands_request, "~> 0.1", [hex: :islands_request, repo: "hexpm", optional: false]}, {:islands_response, "~> 0.1", [hex: :islands_response, repo: "hexpm", optional: false]}, {:islands_state, "~> 0.1", [hex: :islands_state, repo: "hexpm", optional: false]}, {:persist_config, "~> 0.4", [hex: :persist_config, repo: "hexpm", optional: false]}], "hexpm", "f5f1d10a22137123437062e5fe66c4a8ca08d5a16c00ade8ebef9fd2322b72e5"},
  "islands_grid": {:hex, :islands_grid, "0.1.41", "a9b9a21b1e2e7a7765f7e3c6e8a2936d8a3272b9bd807fd69f1e979227c75e44", [:mix], [{:io_ansi_plus, "~> 0.1", [hex: :io_ansi_plus, repo: "hexpm", optional: false]}, {:islands_board, "~> 0.1", [hex: :islands_board, repo: "hexpm", optional: false]}, {:islands_coord, "~> 0.1", [hex: :islands_coord, repo: "hexpm", optional: false]}, {:islands_guesses, "~> 0.1", [hex: :islands_guesses, repo: "hexpm", optional: false]}, {:islands_island, "~> 0.1", [hex: :islands_island, repo: "hexpm", optional: false]}], "hexpm", "f695fcaeae4eeafeeb2713a9990a1763852fe7e6ce717acd138c49e62aa4a91d"},
  "islands_guesses": {:hex, :islands_guesses, "0.1.36", "bab3fd5660fc76b21783db567b5e13c35ef59276463c5b45ffdc44a59dd51e4d", [:mix], [{:islands_coord, "~> 0.1", [hex: :islands_coord, repo: "hexpm", optional: false]}, {:islands_island, "~> 0.1", [hex: :islands_island, repo: "hexpm", optional: false]}], "hexpm", "28e4bfeec8511a839d711811d78a5e4ab4e12f28a8c9a359af725d973f7e3aa4"},
  "islands_island": {:hex, :islands_island, "0.1.37", "d47341af664d967567a0fb3c7aeb684eec05c7637bb93218b2256662095c5215", [:mix], [{:islands_coord, "~> 0.1", [hex: :islands_coord, repo: "hexpm", optional: false]}], "hexpm", "0f023dc4a27b1748523c0edaad887dfd514665441eff36c8b90e05a3d90523d3"},
  "islands_player": {:hex, :islands_player, "0.1.38", "4ee342505b49c24b9533d127127f75e6bc0ab7ec74d39d4ac11d8212fa42d17b", [:mix], [{:islands_board, "~> 0.1", [hex: :islands_board, repo: "hexpm", optional: false]}, {:islands_guesses, "~> 0.1", [hex: :islands_guesses, repo: "hexpm", optional: false]}], "hexpm", "229ddd6b5d731d59ad5077d7fe2a98143e4d93575b41f6bdc11ed91d90da6eab"},
  "islands_player_id": {:hex, :islands_player_id, "0.1.24", "9b8a64cbbc79e4f7bc63f8b1e2dd633bfa3e140c84619cdd61b68f40649d88e9", [:mix], [], "hexpm", "f75b83b6c117162108ab5ab6c295da2d313bb8d086991b3321841f18982f03d7"},
  "islands_request": {:hex, :islands_request, "0.1.36", "9e5a7fdcded96e8d5db83216585dce3e21ad729764fee912009198cbe7cfcc2a", [:mix], [{:islands_coord, "~> 0.1", [hex: :islands_coord, repo: "hexpm", optional: false]}, {:islands_island, "~> 0.1", [hex: :islands_island, repo: "hexpm", optional: false]}, {:islands_player, "~> 0.1", [hex: :islands_player, repo: "hexpm", optional: false]}, {:islands_player_id, "~> 0.1", [hex: :islands_player_id, repo: "hexpm", optional: false]}], "hexpm", "f316137f1b27d1d7476a3f0abb24f9814ef9c486896123393d97c41e6daf0835"},
  "islands_response": {:hex, :islands_response, "0.1.25", "e9d4e575f7a88d8ee73bc739d34a38fd610e55f138ddabca4d6378981ad2f2db", [:mix], [{:islands_island, "~> 0.1", [hex: :islands_island, repo: "hexpm", optional: false]}], "hexpm", "bdfcb18a494bbcb3329aba4b90538780a49e4c187647921014c0f167eb5d043c"},
  "islands_score": {:hex, :islands_score, "0.1.49", "cb3786a450f3167551a3eff9dc51beb315d1d45f95eafb3da4f1dc6696dfd2ec", [:mix], [{:io_ansi_plus, "~> 0.1", [hex: :io_ansi_plus, repo: "hexpm", optional: false]}, {:islands_board, "~> 0.1", [hex: :islands_board, repo: "hexpm", optional: false]}, {:islands_client_island_type, "~> 0.1", [hex: :islands_client_island_type, repo: "hexpm", optional: false]}, {:islands_coord, "~> 0.1", [hex: :islands_coord, repo: "hexpm", optional: false]}, {:islands_game, "~> 0.1", [hex: :islands_game, repo: "hexpm", optional: false]}, {:islands_island, "~> 0.1", [hex: :islands_island, repo: "hexpm", optional: false]}, {:islands_player, "~> 0.1", [hex: :islands_player, repo: "hexpm", optional: false]}, {:islands_player_id, "~> 0.1", [hex: :islands_player_id, repo: "hexpm", optional: false]}], "hexpm", "4f5ff3125ad0beb942be05a2588857735353f11d1672e75b371650c1c7ab6de7"},
  "islands_state": {:hex, :islands_state, "0.1.27", "5cac068e6ec3f6aa69d666dfef0fbc1300a08559d9bf16d159d7e9d0179f0fc6", [:mix], [{:islands_player_id, "~> 0.1", [hex: :islands_player_id, repo: "hexpm", optional: false]}], "hexpm", "637deb74c3ce3616fc786fb2d679752021348de058a53940120c433950def33d"},
  "islands_tally": {:hex, :islands_tally, "0.1.30", "df01b82a5d02c086f7d469edbd9e8eb75d4124a536219d72be41903ec8b9489d", [:mix], [{:io_ansi_plus, "~> 0.1", [hex: :io_ansi_plus, repo: "hexpm", optional: false]}, {:io_ansi_table, "~> 1.0", [hex: :io_ansi_table, repo: "hexpm", optional: false]}, {:islands_board, "~> 0.1", [hex: :islands_board, repo: "hexpm", optional: false]}, {:islands_coord, "~> 0.1", [hex: :islands_coord, repo: "hexpm", optional: false]}, {:islands_game, "~> 0.1", [hex: :islands_game, repo: "hexpm", optional: false]}, {:islands_grid, "~> 0.1", [hex: :islands_grid, repo: "hexpm", optional: false]}, {:islands_guesses, "~> 0.1", [hex: :islands_guesses, repo: "hexpm", optional: false]}, {:islands_island, "~> 0.1", [hex: :islands_island, repo: "hexpm", optional: false]}, {:islands_player, "~> 0.1", [hex: :islands_player, repo: "hexpm", optional: false]}, {:islands_player_id, "~> 0.1", [hex: :islands_player_id, repo: "hexpm", optional: false]}, {:islands_request, "~> 0.1", [hex: :islands_request, repo: "hexpm", optional: false]}, {:islands_response, "~> 0.1", [hex: :islands_response, repo: "hexpm", optional: false]}, {:islands_score, "~> 0.1", [hex: :islands_score, repo: "hexpm", optional: false]}, {:islands_state, "~> 0.1", [hex: :islands_state, repo: "hexpm", optional: false]}, {:persist_config, "~> 0.4", [hex: :persist_config, repo: "hexpm", optional: false]}], "hexpm", "acbad8153c382f5fe425250daa5f5f71bbd09022014e60c17fd4db2ba25f7743"},
  "log_reset": {:hex, :log_reset, "0.1.67", "896a353b138b4343841dfe8dd5486d43f01f992e596c487319f58265269c96ae", [:mix], [{:file_only_logger, "~> 0.2", [hex: :file_only_logger, repo: "hexpm", optional: false]}, {:persist_config, "~> 0.4", [hex: :persist_config, repo: "hexpm", optional: false]}], "hexpm", "a0ac0e0b36284dd8cb1dc994b7670d26b21ca66597f25a5b8940373b9949b057"},
  "makeup": {:hex, :makeup, "1.2.1", "e90ac1c65589ef354378def3ba19d401e739ee7ee06fb47f94c687016e3713d1", [:mix], [{:nimble_parsec, "~> 1.4", [hex: :nimble_parsec, repo: "hexpm", optional: false]}], "hexpm", "d36484867b0bae0fea568d10131197a4c2e47056a6fbe84922bf6ba71c8d17ce"},
  "makeup_elixir": {:hex, :makeup_elixir, "1.0.1", "e928a4f984e795e41e3abd27bfc09f51db16ab8ba1aebdba2b3a575437efafc2", [:mix], [{:makeup, "~> 1.0", [hex: :makeup, repo: "hexpm", optional: false]}, {:nimble_parsec, "~> 1.2.3 or ~> 1.3", [hex: :nimble_parsec, repo: "hexpm", optional: false]}], "hexpm", "7284900d412a3e5cfd97fdaed4f5ed389b8f2b4cb49efc0eb3bd10e2febf9507"},
  "makeup_erlang": {:hex, :makeup_erlang, "1.0.2", "03e1804074b3aa64d5fad7aa64601ed0fb395337b982d9bcf04029d68d51b6a7", [:mix], [{:makeup, "~> 1.0", [hex: :makeup, repo: "hexpm", optional: false]}], "hexpm", "af33ff7ef368d5893e4a267933e7744e46ce3cf1f61e2dccf53a111ed3aa3727"},
  "map_sorter": {:hex, :map_sorter, "0.2.70", "6d30063f22cd2c4c1e6466fdd5d45f6b6073bd78b75a5d5442758947d61de1bf", [:mix], [{:file_only_logger, "~> 0.2", [hex: :file_only_logger, repo: "hexpm", optional: false]}, {:log_reset, "~> 0.1", [hex: :log_reset, repo: "hexpm", optional: false]}, {:persist_config, "~> 0.4", [hex: :persist_config, repo: "hexpm", optional: false]}], "hexpm", "c3e942e13b3a5cc91e3a4c7a22fa253dbb185675c1afd9ecc40d2cc9e0547d76"},
  "nimble_parsec": {:hex, :nimble_parsec, "1.4.2", "8efba0122db06df95bfaa78f791344a89352ba04baedd3849593bfce4d0dc1c6", [:mix], [], "hexpm", "4b21398942dda052b403bbe1da991ccd03a053668d147d53fb8c4e0efe09c973"},
  "persist_config": {:hex, :persist_config, "0.4.36", "fc367e7f268929cb96d5a4e9fbd164806dc28b0c0e10da1cd6f3e0b933e58ff4", [:mix], [], "hexpm", "7ceb58edc750faf41d522fa9ad139a4467279fb495ac39522e90d1807e5097d6"},
}
